
Microsoft Visual Studio Solution File, Format Version 12.00
# Visual Studio Version 16
VisualStudioVersion = 16.0.31402.337
MinimumVisualStudioVersion = 10.0.40219.1
Project("{9A19103F-16F7-4668-BE54-9A1E7A4F7556}") = "P1", "P1.csproj", "{6C19462D-B8B1-40C2-8682-5D752B5EC16C}"
EndProject
Project("{9A19103F-16F7-4668-BE54-9A1E7A4F7556}") = "StoreApplication", "..\StoreApplication\StoreApplication.csproj", "{430A8045-7D35-47A6-9E0C-F88D7AD19D38}"
EndProject
Project("{FAE04EC0-301F-11D3-BF4B-00C04F79EFBC}") = "P0DbContext", "..\P0DbContext\P0DbContext.csproj", "{F1A025BF-F343-4C82-A529-B52AC8954846}"
EndProject
Global
	GlobalSection(SolutionConfigurationPlatforms) = preSolution
		Debug|Any CPU = Debug|Any CPU
		Release|Any CPU = Release|Any CPU
	EndGlobalSection
	GlobalSection(ProjectConfigurationPlatforms) = postSolution
		{6C19462D-B8B1-40C2-8682-5D752B5EC16C}.Debug|Any CPU.ActiveCfg = Debug|Any CPU
		{6C19462D-B8B1-40C2-8682-5D752B5EC16C}.Debug|Any CPU.Build.0 = Debug|Any CPU
		{6C19462D-B8B1-40C2-8682-5D752B5EC16C}.Release|Any CPU.ActiveCfg = Release|Any CPU
		{6C19462D-B8B1-40C2-8682-5D752B5EC16C}.Release|Any CPU.Build.0 = Release|Any CPU
		{430A8045-7D35-47A6-9E0C-F88D7AD19D38}.Debug|Any CPU.ActiveCfg = Debug|Any CPU
		{430A8045-7D35-47A6-9E0C-F88D7AD19D38}.Debug|Any CPU.Build.0 = Debug|Any CPU
		{430A8045-7D35-47A6-9E0C-F88D7AD19D38}.Release|Any CPU.ActiveCfg = Release|Any CPU
		{430A8045-7D35-47A6-9E0C-F88D7AD19D38}.Release|Any CPU.Build.0 = Release|Any CPU
		{F1A025BF-F343-4C82-A529-B52AC8954846}.Debug|Any CPU.ActiveCfg = Debug|Any CPU
		{F1A025BF-F343-4C82-A529-B52AC8954846}.Debug|Any CPU.Build.0 = Debug|Any CPU
		{F1A025BF-F343-4C82-A529-B52AC8954846}.Release|Any CPU.ActiveCfg = Release|Any CPU
		{F1A025BF-F343-4C82-A529-B52AC8954846}.Release|Any CPU.Build.0 = Release|Any CPU
	EndGlobalSection
	GlobalSection(SolutionProperties) = preSolution
		HideSolutionNode = FALSE
	EndGlobalSection
	GlobalSection(ExtensibilityGlobals) = postSolution
		SolutionGuid = {AD85C9BC-1D7A-4F55-A83A-5943B928100C}
	EndGlobalSection
EndGlobal
